<?xml version="1.0" encoding="utf-8"?>
<Project ToolsVersion="4.0" xmlns="http://schemas.microsoft.com/developer/msbuild/2003">
  <ItemGroup>
    <Filter Include="소스 파일">
      <UniqueIdentifier>{4FC737F1-C7A5-4376-A066-2A32D752A2FF}</UniqueIdentifier>
      <Extensions>cpp;c;cc;cxx;c++;cppm;ixx;def;odl;idl;hpj;bat;asm;asmx</Extensions>
    </Filter>
    <Filter Include="헤더 파일">
      <UniqueIdentifier>{93995380-89BD-4b04-88EB-625FBE52EBFB}</UniqueIdentifier>
      <Extensions>h;hh;hpp;hxx;h++;hm;inl;inc;ipp;xsd</Extensions>
    </Filter>
    <Filter Include="리소스 파일">
      <UniqueIdentifier>{67DA6AB6-F800-4c08-8B7A-83BB121AAD01}</UniqueIdentifier>
      <Extensions>rc;ico;cur;bmp;dlg;rc2;rct;bin;rgs;gif;jpg;jpeg;jpe;resx;tiff;tif;png;wav;mfcribbon-ms</Extensions>
    </Filter>
    <Filter Include="소스 파일\App">
      <UniqueIdentifier>{14bdcb64-581f-4f1d-a89c-56141be0c7ac}</UniqueIdentifier>
    </Filter>
    <Filter Include="헤더 파일\App">
      <UniqueIdentifier>{1f7e5382-dbe4-45d5-953a-ec9a8ed3e0fb}</UniqueIdentifier>
    </Filter>
    <Filter Include="헤더 파일\Utility">
      <UniqueIdentifier>{fea501d5-89d3-41af-be8c-6298ca20d78c}</UniqueIdentifier>
    </Filter>
    <Filter Include="소스 파일\Shaders">
      <UniqueIdentifier>{37384753-23e8-40b5-a2ef-f7b99a60a0d3}</UniqueIdentifier>
    </Filter>
    <Filter Include="소스 파일\Resources">
      <UniqueIdentifier>{01d3db1e-4862-4af0-a49b-a79d20e3fe80}</UniqueIdentifier>
    </Filter>
    <Filter Include="헤더 파일\Resources">
      <UniqueIdentifier>{e41ed7b9-ee58-4bbb-b4dc-1e6bcae99985}</UniqueIdentifier>
    </Filter>
    <Filter Include="소스 파일\Resources\Buffer">
      <UniqueIdentifier>{29ac2ca6-2824-4158-a62d-99bf57bd99c8}</UniqueIdentifier>
    </Filter>
    <Filter Include="소스 파일\Resources\Buffer\Extended">
      <UniqueIdentifier>{a70ccf54-19e5-4413-b103-728b28293d51}</UniqueIdentifier>
    </Filter>
    <Filter Include="헤더 파일\Resources\Buffer">
      <UniqueIdentifier>{838fb4ea-d1cf-4fda-9a96-f0952313a1a5}</UniqueIdentifier>
    </Filter>
    <Filter Include="헤더 파일\Resources\Buffer\Extended">
      <UniqueIdentifier>{836a1541-8b89-4742-9284-a45251b65076}</UniqueIdentifier>
    </Filter>
    <Filter Include="헤더 파일\Resources\Texture">
      <UniqueIdentifier>{3bfc8302-382a-47b7-a069-5c3d5d5c13da}</UniqueIdentifier>
    </Filter>
    <Filter Include="소스 파일\Resources\Texture">
      <UniqueIdentifier>{4f010d13-61cd-4bd2-a3e3-de6a8cfd31f2}</UniqueIdentifier>
    </Filter>
    <Filter Include="소스 파일\Resources\View">
      <UniqueIdentifier>{40a80272-ae7a-4fb3-a7e8-f4f806122430}</UniqueIdentifier>
    </Filter>
    <Filter Include="헤더 파일\Resources\View">
      <UniqueIdentifier>{d20f9ef9-fd52-4d30-b889-18cb8377f3aa}</UniqueIdentifier>
    </Filter>
    <Filter Include="소스 파일\ThirdParty">
      <UniqueIdentifier>{f96ae454-43b4-482e-9e26-d85071763f55}</UniqueIdentifier>
    </Filter>
    <Filter Include="헤더 파일\ThirdParty">
      <UniqueIdentifier>{d6ab74e5-3888-4f17-840f-830ef634b6f4}</UniqueIdentifier>
    </Filter>
    <Filter Include="헤더 파일\ThirdParty\ImGui">
      <UniqueIdentifier>{36849568-ea0c-4178-bf84-8deeaae98740}</UniqueIdentifier>
    </Filter>
    <Filter Include="소스 파일\ThirdParty\ImGui">
      <UniqueIdentifier>{ce087a27-bfb7-4d56-b9a3-1eddd1c4e320}</UniqueIdentifier>
    </Filter>
    <Filter Include="헤더 파일\World">
      <UniqueIdentifier>{ce7469a8-40f5-409c-ac04-41101e4d625d}</UniqueIdentifier>
    </Filter>
    <Filter Include="헤더 파일\World\EditorWorld">
      <UniqueIdentifier>{6b8805fe-1a2e-432f-9889-35478b34aa10}</UniqueIdentifier>
    </Filter>
    <Filter Include="헤더 파일\World\EditorWorld\Dialog">
      <UniqueIdentifier>{95d035eb-e8c6-4565-ab59-a10022455550}</UniqueIdentifier>
    </Filter>
    <Filter Include="헤더 파일\World\EditorWorld\Dialog\Viewport">
      <UniqueIdentifier>{761132a6-341e-4854-9994-80e40b7bf634}</UniqueIdentifier>
    </Filter>
    <Filter Include="소스 파일\World">
      <UniqueIdentifier>{8c89cba4-d647-4ecc-bc0e-ae5fa0659977}</UniqueIdentifier>
    </Filter>
    <Filter Include="소스 파일\World\EditorWorld">
      <UniqueIdentifier>{66700006-bc16-4610-a7e5-e879ac404bd2}</UniqueIdentifier>
    </Filter>
    <Filter Include="소스 파일\World\EditorWorld\DIalog">
      <UniqueIdentifier>{2ce10098-b475-4e98-8a51-6fc547d99c19}</UniqueIdentifier>
    </Filter>
    <Filter Include="소스 파일\World\EditorWorld\DIalog\Viewport">
      <UniqueIdentifier>{19a1db52-17bc-430b-853f-88d73cb81d3e}</UniqueIdentifier>
    </Filter>
    <Filter Include="헤더 파일\World\GameWorld">
      <UniqueIdentifier>{b4887026-652c-454f-b418-8c62638309ae}</UniqueIdentifier>
    </Filter>
    <Filter Include="소스 파일\World\GameWorld">
      <UniqueIdentifier>{55497c7d-e121-4124-b2c9-a5a944e3449f}</UniqueIdentifier>
    </Filter>
    <Filter Include="소스 파일\World\GameWorld\Map">
      <UniqueIdentifier>{8e565dbb-1273-4fcf-8645-0d490ff12997}</UniqueIdentifier>
    </Filter>
    <Filter Include="소스 파일\World\GameWorld\Map\Object">
      <UniqueIdentifier>{5090f31e-885c-42e4-bab8-1ca492321af0}</UniqueIdentifier>
    </Filter>
    <Filter Include="소스 파일\World\GameWorld\Map\Object\View">
      <UniqueIdentifier>{6228785a-676d-4fa2-b970-4f6c9b18e1e1}</UniqueIdentifier>
    </Filter>
    <Filter Include="헤더 파일\World\GameWorld\Map">
      <UniqueIdentifier>{0083fbf1-59e0-4f4e-b7b7-015ec3017982}</UniqueIdentifier>
    </Filter>
    <Filter Include="헤더 파일\World\GameWorld\Map\Object">
      <UniqueIdentifier>{9ddf5e44-37d4-4847-bbdb-24836ae8a434}</UniqueIdentifier>
    </Filter>
    <Filter Include="헤더 파일\World\GameWorld\Map\Object\View">
      <UniqueIdentifier>{6a148344-0268-4c0a-829a-15a5afdbe8fe}</UniqueIdentifier>
    </Filter>
    <Filter Include="헤더 파일\World\GameWorld\Map\Object\RederObject">
      <UniqueIdentifier>{29379195-e3cf-4340-8b7e-7582fd15ab90}</UniqueIdentifier>
    </Filter>
  </ItemGroup>
  <ItemGroup>
    <ClCompile Include="main.cpp">
      <Filter>소스 파일</Filter>
    </ClCompile>
    <ClCompile Include="PortfolioApp.cpp">
      <Filter>소스 파일\App</Filter>
    </ClCompile>
    <ClCompile Include="GlobalVariable.cpp">
      <Filter>소스 파일\App</Filter>
    </ClCompile>
    <ClCompile Include="GraphicsPipeline.cpp">
      <Filter>소스 파일\App</Filter>
    </ClCompile>
    <ClCompile Include="Object.cpp">
      <Filter>소스 파일\World\GameWorld\Map\Object</Filter>
    </ClCompile>
    <ClCompile Include="Viewable.cpp">
      <Filter>소스 파일\World\GameWorld\Map\Object\View</Filter>
    </ClCompile>
    <ClCompile Include="Camera.cpp">
      <Filter>소스 파일\World\GameWorld\Map\Object\View</Filter>
    </ClCompile>
    <ClCompile Include="UploadBuffer.cpp">
      <Filter>소스 파일\Resources\Buffer\Extended</Filter>
    </ClCompile>
    <ClCompile Include="ConstantBuffer.cpp">
      <Filter>소스 파일\Resources\Buffer\Extended</Filter>
    </ClCompile>
    <ClCompile Include="Texture2DObject.cpp">
      <Filter>소스 파일\Resources\Texture</Filter>
    </ClCompile>
    <ClCompile Include="SRVObject.cpp">
      <Filter>소스 파일\Resources\View</Filter>
    </ClCompile>
    <ClCompile Include="RTVObject.cpp">
      <Filter>소스 파일\Resources\View</Filter>
    </ClCompile>
    <ClCompile Include="ResourceObject.cpp">
      <Filter>소스 파일\Resources</Filter>
    </ClCompile>
    <ClCompile Include="ConstantArrayBuffer.cpp">
      <Filter>소스 파일\Resources\Buffer\Extended</Filter>
    </ClCompile>
    <ClCompile Include="RenderObject.cpp">
      <Filter>소스 파일\World\GameWorld\Map\Object</Filter>
    </ClCompile>
    <ClCompile Include="ImGui\imgui.cpp">
      <Filter>소스 파일\ThirdParty\ImGui</Filter>
    </ClCompile>
    <ClCompile Include="ImGui\imgui_demo.cpp">
      <Filter>소스 파일\ThirdParty\ImGui</Filter>
    </ClCompile>
    <ClCompile Include="ImGui\imgui_draw.cpp">
      <Filter>소스 파일\ThirdParty\ImGui</Filter>
    </ClCompile>
    <ClCompile Include="ImGui\imgui_impl_dx12.cpp">
      <Filter>소스 파일\ThirdParty\ImGui</Filter>
    </ClCompile>
    <ClCompile Include="ImGui\imgui_impl_win32.cpp">
      <Filter>소스 파일\ThirdParty\ImGui</Filter>
    </ClCompile>
    <ClCompile Include="ImGui\imgui_tables.cpp">
      <Filter>소스 파일\ThirdParty\ImGui</Filter>
    </ClCompile>
    <ClCompile Include="ImGui\imgui_widgets.cpp">
      <Filter>소스 파일\ThirdParty\ImGui</Filter>
    </ClCompile>
    <ClCompile Include="IDialog.cpp">
      <Filter>소스 파일\World\EditorWorld\DIalog</Filter>
    </ClCompile>
    <ClCompile Include="ViewportDialog.cpp">
      <Filter>소스 파일\World\EditorWorld\DIalog\Viewport</Filter>
    </ClCompile>
    <ClCompile Include="TaskAnalyzerDialog.cpp">
      <Filter>소스 파일\World\EditorWorld\DIalog</Filter>
    </ClCompile>
    <ClCompile Include="GameWorld.cpp">
      <Filter>소스 파일\World\GameWorld</Filter>
    </ClCompile>
    <ClCompile Include="EditorWorld.cpp">
      <Filter>소스 파일\World\EditorWorld</Filter>
    </ClCompile>
    <ClCompile Include="IWorld.cpp">
      <Filter>소스 파일\World</Filter>
    </ClCompile>
    <ClCompile Include="Map.cpp">
      <Filter>소스 파일\World\GameWorld\Map</Filter>
    </ClCompile>
  </ItemGroup>
  <ItemGroup>
    <ClInclude Include="PortfolioApp.h">
      <Filter>헤더 파일\App</Filter>
    </ClInclude>
    <ClInclude Include="GlobalVariable.h">
      <Filter>헤더 파일\App</Filter>
    </ClInclude>
    <ClInclude Include="DefineUtility.h">
      <Filter>헤더 파일\Utility</Filter>
    </ClInclude>
    <ClInclude Include="DefineErrorCode.h">
      <Filter>헤더 파일\Utility</Filter>
    </ClInclude>
    <ClInclude Include="Object.h">
      <Filter>헤더 파일\World\GameWorld\Map\Object</Filter>
    </ClInclude>
    <ClInclude Include="HeaderHelper.h">
      <Filter>헤더 파일\Utility</Filter>
    </ClInclude>
    <ClInclude Include="Viewable.h">
      <Filter>헤더 파일\World\GameWorld\Map\Object\View</Filter>
    </ClInclude>
    <ClInclude Include="Camera.h">
      <Filter>헤더 파일\World\GameWorld\Map\Object\View</Filter>
    </ClInclude>
    <ClInclude Include="ConstantBuffer.h">
      <Filter>헤더 파일\Resources\Buffer\Extended</Filter>
    </ClInclude>
    <ClInclude Include="UploadBuffer.h">
      <Filter>헤더 파일\Resources\Buffer\Extended</Filter>
    </ClInclude>
    <ClInclude Include="IBuffer.h">
      <Filter>헤더 파일\Resources\Buffer</Filter>
    </ClInclude>
    <ClInclude Include="Texture2DObject.h">
      <Filter>헤더 파일\Resources\Texture</Filter>
    </ClInclude>
    <ClInclude Include="SRVObject.h">
      <Filter>헤더 파일\Resources\View</Filter>
    </ClInclude>
    <ClInclude Include="RTVObject.h">
      <Filter>헤더 파일\Resources\View</Filter>
    </ClInclude>
    <ClInclude Include="GraphicsPipeline.h">
      <Filter>헤더 파일\App</Filter>
    </ClInclude>
    <ClInclude Include="ResourceObject.h">
      <Filter>헤더 파일\Resources</Filter>
    </ClInclude>
    <ClInclude Include="ConstantArrayBuffer.h">
      <Filter>헤더 파일\Resources\Buffer\Extended</Filter>
    </ClInclude>
    <ClInclude Include="RenderObject.h">
      <Filter>헤더 파일\World\GameWorld\Map\Object</Filter>
    </ClInclude>
    <ClInclude Include="GameWorld.h">
      <Filter>헤더 파일\World\GameWorld</Filter>
    </ClInclude>
    <ClInclude Include="ImGui\imconfig.h">
      <Filter>헤더 파일\ThirdParty\ImGui</Filter>
    </ClInclude>
    <ClInclude Include="ImGui\imgui.h">
      <Filter>헤더 파일\ThirdParty\ImGui</Filter>
    </ClInclude>
    <ClInclude Include="ImGui\imgui_impl_dx12.h">
      <Filter>헤더 파일\ThirdParty\ImGui</Filter>
    </ClInclude>
    <ClInclude Include="ImGui\imgui_impl_win32.h">
      <Filter>헤더 파일\ThirdParty\ImGui</Filter>
    </ClInclude>
    <ClInclude Include="ImGui\imgui_internal.h">
      <Filter>헤더 파일\ThirdParty\ImGui</Filter>
    </ClInclude>
    <ClInclude Include="ImGui\imstb_rectpack.h">
      <Filter>헤더 파일\ThirdParty\ImGui</Filter>
    </ClInclude>
    <ClInclude Include="ImGui\imstb_textedit.h">
      <Filter>헤더 파일\ThirdParty\ImGui</Filter>
    </ClInclude>
    <ClInclude Include="ImGui\imstb_truetype.h">
      <Filter>헤더 파일\ThirdParty\ImGui</Filter>
    </ClInclude>
    <ClInclude Include="IDialog.h">
      <Filter>헤더 파일\World\EditorWorld\Dialog</Filter>
    </ClInclude>
    <ClInclude Include="ViewportDialog.h">
      <Filter>헤더 파일\World\EditorWorld\Dialog\Viewport</Filter>
    </ClInclude>
    <ClInclude Include="TaskAnalyzerDialog.h">
      <Filter>헤더 파일\World\EditorWorld\Dialog</Filter>
    </ClInclude>
    <ClInclude Include="EditorWorld.h">
      <Filter>헤더 파일\World\EditorWorld</Filter>
    </ClInclude>
    <ClInclude Include="IWorld.h">
      <Filter>헤더 파일\World</Filter>
    </ClInclude>
    <ClInclude Include="Map.h">
      <Filter>헤더 파일\World\GameWorld\Map</Filter>
    </ClInclude>
  </ItemGroup>
  <ItemGroup>
    <FxCompile Include="Shaders\BaseVS.hlsl">
      <Filter>소스 파일\Shaders</Filter>
    </FxCompile>
    <FxCompile Include="Shaders\BasePS.hlsl">
      <Filter>소스 파일\Shaders</Filter>
    </FxCompile>
  </ItemGroup>
</Project>